
Microsoft Visual Studio Solution File, Format Version 12.00
# Visual Studio Version 16
VisualStudioVersion = 16.0.29102.190
MinimumVisualStudioVersion = 10.0.40219.1
Project("{FAE04EC0-301F-11D3-BF4B-00C04F79EFBC}") = "Adv2020", "Adv2019\Adv2020.csproj", "{C56E2947-E2F2-4701-9F84-E8B9CD1E334E}"
EndProject
Global
	GlobalSection(SolutionConfigurationPlatforms) = preSolution
		Debug|Any CPU = Debug|Any CPU
		Release|Any CPU = Release|Any CPU
	EndGlobalSection
	GlobalSection(ProjectConfigurationPlatforms) = postSolution
		{C56E2947-E2F2-4701-9F84-E8B9CD1E334E}.Debug|Any CPU.ActiveCfg = Debug|Any CPU
		{C56E2947-E2F2-4701-9F84-E8B9CD1E334E}.Debug|Any CPU.Build.0 = Debug|Any CPU
		{C56E2947-E2F2-4701-9F84-E8B9CD1E334E}.Release|Any CPU.ActiveCfg = Release|Any CPU
		{C56E2947-E2F2-4701-9F84-E8B9CD1E334E}.Release|Any CPU.Build.0 = Release|Any CPU
	EndGlobalSection
	GlobalSection(SolutionProperties) = preSolution
		HideSolutionNode = FALSE
	EndGlobalSection
	GlobalSection(ExtensibilityGlobals) = postSolution
		SolutionGuid = {B53A1D6A-40B5-457E-B09D-C9786ADB04F1}
	EndGlobalSection
EndGlobal
